
Microsoft Visual Studio Solution File, Format Version 12.00
# Visual Studio Version 16
VisualStudioVersion = 16.0.31205.134
MinimumVisualStudioVersion = 10.0.40219.1
Project("{FAE04EC0-301F-11D3-BF4B-00C04F79EFBC}") = "Animation Bound Ball", "Animation Bound Ball\Animation Bound Ball.csproj", "{F1B98993-BF12-4B12-95E5-69195A00CC1E}"
EndProject
Global
	GlobalSection(SolutionConfigurationPlatforms) = preSolution
		Debug|Any CPU = Debug|Any CPU
		Release|Any CPU = Release|Any CPU
	EndGlobalSection
	GlobalSection(ProjectConfigurationPlatforms) = postSolution
		{F1B98993-BF12-4B12-95E5-69195A00CC1E}.Debug|Any CPU.ActiveCfg = Debug|Any CPU
		{F1B98993-BF12-4B12-95E5-69195A00CC1E}.Debug|Any CPU.Build.0 = Debug|Any CPU
		{F1B98993-BF12-4B12-95E5-69195A00CC1E}.Release|Any CPU.ActiveCfg = Release|Any CPU
		{F1B98993-BF12-4B12-95E5-69195A00CC1E}.Release|Any CPU.Build.0 = Release|Any CPU
	EndGlobalSection
	GlobalSection(SolutionProperties) = preSolution
		HideSolutionNode = FALSE
	EndGlobalSection
	GlobalSection(ExtensibilityGlobals) = postSolution
		SolutionGuid = {EA4C13F4-C5E9-471F-8AB3-02FCE6355A2B}
	EndGlobalSection
EndGlobal
